
Microsoft Visual Studio Solution File, Format Version 12.00
# Visual Studio Version 16
VisualStudioVersion = 25.0.1700.7
MinimumVisualStudioVersion = 10.0.40219.1
Project("{FAE04EC0-301F-11D3-BF4B-00C04F79EFBC}") = "ServerlessFuncs", "ServerlessFuncs\ServerlessFuncs.csproj", "{67827493-339E-4B1C-97B6-7969457ED534}"
EndProject
Global
	GlobalSection(SolutionConfigurationPlatforms) = preSolution
		Debug|Any CPU = Debug|Any CPU
		Release|Any CPU = Release|Any CPU
	EndGlobalSection
	GlobalSection(ProjectConfigurationPlatforms) = postSolution
		{67827493-339E-4B1C-97B6-7969457ED534}.Debug|Any CPU.ActiveCfg = Debug|Any CPU
		{67827493-339E-4B1C-97B6-7969457ED534}.Debug|Any CPU.Build.0 = Debug|Any CPU
		{67827493-339E-4B1C-97B6-7969457ED534}.Release|Any CPU.ActiveCfg = Release|Any CPU
		{67827493-339E-4B1C-97B6-7969457ED534}.Release|Any CPU.Build.0 = Release|Any CPU
	EndGlobalSection
	GlobalSection(SolutionProperties) = preSolution
		HideSolutionNode = FALSE
	EndGlobalSection
	GlobalSection(ExtensibilityGlobals) = postSolution
		SolutionGuid = {2443D76B-824C-4CED-B060-300F99F1FEF3}
	EndGlobalSection
EndGlobal
